
Microsoft Visual Studio Solution File, Format Version 9.00
# Visual C++ Express 2005
Project("{8BC9CEB8-8B4A-11D0-8D11-00A0C91BC942}") = "testUObject", "testUObject\testUObject.vcproj", "{89F700B6-4DBB-459A-9754-FB2A0333EFCE}"
EndProject
Global
	GlobalSection(SolutionConfigurationPlatforms) = preSolution
		Debug|Win32 = Debug|Win32
		Release|Win32 = Release|Win32
	EndGlobalSection
	GlobalSection(ProjectConfigurationPlatforms) = postSolution
		{89F700B6-4DBB-459A-9754-FB2A0333EFCE}.Debug|Win32.ActiveCfg = Release|Win32
		{89F700B6-4DBB-459A-9754-FB2A0333EFCE}.Debug|Win32.Build.0 = Release|Win32
		{89F700B6-4DBB-459A-9754-FB2A0333EFCE}.Release|Win32.ActiveCfg = Release|Win32
		{89F700B6-4DBB-459A-9754-FB2A0333EFCE}.Release|Win32.Build.0 = Release|Win32
	EndGlobalSection
	GlobalSection(SolutionProperties) = preSolution
		HideSolutionNode = FALSE
	EndGlobalSection
EndGlobal
